
Microsoft Visual Studio Solution File, Format Version 12.00
# Visual Studio 14
VisualStudioVersion = 14.0.25420.1
MinimumVisualStudioVersion = 10.0.40219.1
Project("{FAE04EC0-301F-11D3-BF4B-00C04F79EFBC}") = "Sudoku", "Sudoku.csproj", "{4DAFDCDA-60CE-40AC-BC9F-009251362983}"
EndProject
Project("{FAE04EC0-301F-11D3-BF4B-00C04F79EFBC}") = "SudokuTests", "..\SudokuTests\SudokuTests.csproj", "{F9D1E305-3794-4182-86ED-B553E04948C7}"
EndProject
Project("{FAE04EC0-301F-11D3-BF4B-00C04F79EFBC}") = "SudokuConsoleApplication", "SudokuConsoleApplication\SudokuConsoleApplication.csproj", "{D66C4906-A8C6-4CAA-B90B-A8C69547EDDD}"
EndProject
Global
	GlobalSection(SolutionConfigurationPlatforms) = preSolution
		Debug|Any CPU = Debug|Any CPU
		Release|Any CPU = Release|Any CPU
	EndGlobalSection
	GlobalSection(ProjectConfigurationPlatforms) = postSolution
		{4DAFDCDA-60CE-40AC-BC9F-009251362983}.Debug|Any CPU.ActiveCfg = Debug|Any CPU
		{4DAFDCDA-60CE-40AC-BC9F-009251362983}.Debug|Any CPU.Build.0 = Debug|Any CPU
		{4DAFDCDA-60CE-40AC-BC9F-009251362983}.Release|Any CPU.ActiveCfg = Release|Any CPU
		{4DAFDCDA-60CE-40AC-BC9F-009251362983}.Release|Any CPU.Build.0 = Release|Any CPU
		{F9D1E305-3794-4182-86ED-B553E04948C7}.Debug|Any CPU.ActiveCfg = Debug|Any CPU
		{F9D1E305-3794-4182-86ED-B553E04948C7}.Debug|Any CPU.Build.0 = Debug|Any CPU
		{F9D1E305-3794-4182-86ED-B553E04948C7}.Release|Any CPU.ActiveCfg = Release|Any CPU
		{F9D1E305-3794-4182-86ED-B553E04948C7}.Release|Any CPU.Build.0 = Release|Any CPU
		{D66C4906-A8C6-4CAA-B90B-A8C69547EDDD}.Debug|Any CPU.ActiveCfg = Debug|Any CPU
		{D66C4906-A8C6-4CAA-B90B-A8C69547EDDD}.Debug|Any CPU.Build.0 = Debug|Any CPU
		{D66C4906-A8C6-4CAA-B90B-A8C69547EDDD}.Release|Any CPU.ActiveCfg = Release|Any CPU
		{D66C4906-A8C6-4CAA-B90B-A8C69547EDDD}.Release|Any CPU.Build.0 = Release|Any CPU
	EndGlobalSection
	GlobalSection(SolutionProperties) = preSolution
		HideSolutionNode = FALSE
	EndGlobalSection
EndGlobal
